{
  "name": "catuaba",
  "version": "0.0.1",
  "lockfileVersion": 2,
  "requires": true,
  "packages": {
    "": {
      "version": "0.0.1",
      "license": "MIT",
      "dependencies": {
        "@apollo/client": "^3.3.12",
        "@types/node": "^14.14.35",
        "rxjs": "^7.0.0-beta.13",
        "typescript": "^4.2.3",
        "uuid": "^8.3.2",
        "zen-observable": "^0.8.15"
      },
      "devDependencies": {
        "@types/uuid": "^8.3.0"
      }
    },
    "node_modules/@apollo/client": {
      "version": "3.3.12",
      "resolved": "https://registry.npmjs.org/@apollo/client/-/client-3.3.12.tgz",
      "integrity": "sha512-1wLVqRpujzbLRWmFPnRCDK65xapOe2txY0sTI+BaqEbumMUVNS3vxojT6hRHf9ODFEK+F6MLrud2HGx0mB3eQw==",
      "dependencies": {
        "@graphql-typed-document-node/core": "^3.0.0",
        "@types/zen-observable": "^0.8.0",
        "@wry/context": "^0.5.2",
        "@wry/equality": "^0.3.0",
        "fast-json-stable-stringify": "^2.0.0",
        "graphql-tag": "^2.12.0",
        "hoist-non-react-statics": "^3.3.2",
        "optimism": "^0.14.0",
        "prop-types": "^15.7.2",
        "symbol-observable": "^2.0.0",
        "ts-invariant": "^0.6.2",
        "tslib": "^1.10.0",
        "zen-observable": "^0.8.14"
      },
      "peerDependencies": {
        "graphql": "^14.0.0 || ^15.0.0",
        "react": "^16.8.0 || ^17.0.0",
        "subscriptions-transport-ws": "^0.9.0"
      },
      "peerDependenciesMeta": {
        "react": {
          "optional": true
        },
        "subscriptions-transport-ws": {
          "optional": true
        }
      }
    },
    "node_modules/@apollo/client/node_modules/tslib": {
      "version": "1.14.1",
      "resolved": "https://registry.npmjs.org/tslib/-/tslib-1.14.1.tgz",
      "integrity": "sha512-Xni35NKzjgMrwevysHTCArtLDpPvye8zV/0E4EyYn43P7/7qvQwPh9BGkHewbMulVntbigmcT7rdX3BNo9wRJg=="
    },
    "node_modules/@graphql-typed-document-node/core": {
      "version": "3.1.0",
      "resolved": "https://registry.npmjs.org/@graphql-typed-document-node/core/-/core-3.1.0.tgz",
      "integrity": "sha512-wYn6r8zVZyQJ6rQaALBEln5B1pzxb9shV5Ef97kTvn6yVGrqyXVnDqnU24MXnFubR+rZjBY9NWuxX3FB2sTsjg==",
      "peerDependencies": {
        "graphql": "^0.8.0 || ^0.9.0 || ^0.10.0 || ^0.11.0 || ^0.12.0 || ^0.13.0 || ^14.0.0 || ^15.0.0"
      }
    },
    "node_modules/@types/node": {
      "version": "14.14.35",
      "resolved": "https://registry.npmjs.org/@types/node/-/node-14.14.35.tgz",
      "integrity": "sha512-Lt+wj8NVPx0zUmUwumiVXapmaLUcAk3yPuHCFVXras9k5VT9TdhJqKqGVUQCD60OTMCl0qxJ57OiTL0Mic3Iag=="
    },
    "node_modules/@types/ungap__global-this": {
      "version": "0.3.1",
      "resolved": "https://registry.npmjs.org/@types/ungap__global-this/-/ungap__global-this-0.3.1.tgz",
      "integrity": "sha512-+/DsiV4CxXl6ZWefwHZDXSe1Slitz21tom38qPCaG0DYCS1NnDPIQDTKcmQ/tvK/edJUKkmuIDBJbmKDiB0r/g=="
    },
    "node_modules/@types/uuid": {
      "version": "8.3.0",
      "resolved": "https://registry.npmjs.org/@types/uuid/-/uuid-8.3.0.tgz",
      "integrity": "sha512-eQ9qFW/fhfGJF8WKHGEHZEyVWfZxrT+6CLIJGBcZPfxUh/+BnEj+UCGYMlr9qZuX/2AltsvwrGqp0LhEW8D0zQ==",
      "dev": true
    },
    "node_modules/@types/zen-observable": {
      "version": "0.8.2",
      "resolved": "https://registry.npmjs.org/@types/zen-observable/-/zen-observable-0.8.2.tgz",
      "integrity": "sha512-HrCIVMLjE1MOozVoD86622S7aunluLb2PJdPfb3nYiEtohm8mIB/vyv0Fd37AdeMFrTUQXEunw78YloMA3Qilg=="
    },
    "node_modules/@ungap/global-this": {
      "version": "0.4.4",
      "resolved": "https://registry.npmjs.org/@ungap/global-this/-/global-this-0.4.4.tgz",
      "integrity": "sha512-mHkm6FvepJECMNthFuIgpAEFmPOk71UyXuIxYfjytvFTnSDBIz7jmViO+LfHI/AjrazWije0PnSP3+/NlwzqtA=="
    },
    "node_modules/@wry/context": {
      "version": "0.5.4",
      "resolved": "https://registry.npmjs.org/@wry/context/-/context-0.5.4.tgz",
      "integrity": "sha512-/pktJKHUXDr4D6TJqWgudOPJW2Z+Nb+bqk40jufA3uTkLbnCRKdJPiYDIa/c7mfcPH8Hr6O8zjCERpg5Sq04Zg==",
      "dependencies": {
        "tslib": "^1.14.1"
      },
      "engines": {
        "node": ">=8"
      }
    },
    "node_modules/@wry/context/node_modules/tslib": {
      "version": "1.14.1",
      "resolved": "https://registry.npmjs.org/tslib/-/tslib-1.14.1.tgz",
      "integrity": "sha512-Xni35NKzjgMrwevysHTCArtLDpPvye8zV/0E4EyYn43P7/7qvQwPh9BGkHewbMulVntbigmcT7rdX3BNo9wRJg=="
    },
    "node_modules/@wry/equality": {
      "version": "0.3.4",
      "resolved": "https://registry.npmjs.org/@wry/equality/-/equality-0.3.4.tgz",
      "integrity": "sha512-1gQQhCPenzxw/1HzLlvSIs/59eBHJf9ZDIussjjZhqNSqQuPKQIzN6SWt4kemvlBPDi7RqMuUa03pId7MAE93g==",
      "dependencies": {
        "tslib": "^1.14.1"
      },
      "engines": {
        "node": ">=8"
      }
    },
    "node_modules/@wry/equality/node_modules/tslib": {
      "version": "1.14.1",
      "resolved": "https://registry.npmjs.org/tslib/-/tslib-1.14.1.tgz",
      "integrity": "sha512-Xni35NKzjgMrwevysHTCArtLDpPvye8zV/0E4EyYn43P7/7qvQwPh9BGkHewbMulVntbigmcT7rdX3BNo9wRJg=="
    },
    "node_modules/@wry/trie": {
      "version": "0.2.2",
      "resolved": "https://registry.npmjs.org/@wry/trie/-/trie-0.2.2.tgz",
      "integrity": "sha512-OxqBB39x6MfHaa2HpMiRMfhuUnQTddD32Ko020eBeJXq87ivX6xnSSnzKHVbA21p7iqBASz8n/07b6W5wW1BVQ==",
      "dependencies": {
        "tslib": "^1.14.1"
      },
      "engines": {
        "node": ">=8"
      }
    },
    "node_modules/@wry/trie/node_modules/tslib": {
      "version": "1.14.1",
      "resolved": "https://registry.npmjs.org/tslib/-/tslib-1.14.1.tgz",
      "integrity": "sha512-Xni35NKzjgMrwevysHTCArtLDpPvye8zV/0E4EyYn43P7/7qvQwPh9BGkHewbMulVntbigmcT7rdX3BNo9wRJg=="
    },
    "node_modules/fast-json-stable-stringify": {
      "version": "2.1.0",
      "resolved": "https://registry.npmjs.org/fast-json-stable-stringify/-/fast-json-stable-stringify-2.1.0.tgz",
      "integrity": "sha512-lhd/wF+Lk98HZoTCtlVraHtfh5XYijIjalXck7saUtuanSDyLMxnHhSXEDJqHxD7msR8D0uCmqlkwjCV8xvwHw=="
    },
    "node_modules/graphql": {
      "version": "15.5.0",
      "resolved": "https://registry.npmjs.org/graphql/-/graphql-15.5.0.tgz",
      "integrity": "sha512-OmaM7y0kaK31NKG31q4YbD2beNYa6jBBKtMFT6gLYJljHLJr42IqJ8KX08u3Li/0ifzTU5HjmoOOrwa5BRLeDA==",
      "peer": true,
      "engines": {
        "node": ">= 10.x"
      }
    },
    "node_modules/graphql-tag": {
      "version": "2.12.3",
      "resolved": "https://registry.npmjs.org/graphql-tag/-/graphql-tag-2.12.3.tgz",
      "integrity": "sha512-5wJMjSvj30yzdciEuk9dPuUBUR56AqDi3xncoYQl1i42pGdSqOJrJsdb/rz5BDoy+qoGvQwABcBeF0xXY3TrKw==",
      "dependencies": {
        "tslib": "^2.1.0"
      },
      "engines": {
        "node": ">=10"
      },
      "peerDependencies": {
        "graphql": "^0.9.0 || ^0.10.0 || ^0.11.0 || ^0.12.0 || ^0.13.0 || ^14.0.0 || ^15.0.0"
      }
    },
    "node_modules/hoist-non-react-statics": {
      "version": "3.3.2",
      "resolved": "https://registry.npmjs.org/hoist-non-react-statics/-/hoist-non-react-statics-3.3.2.tgz",
      "integrity": "sha512-/gGivxi8JPKWNm/W0jSmzcMPpfpPLc3dY/6GxhX2hQ9iGj3aDfklV4ET7NjKpSinLpJ5vafa9iiGIEZg10SfBw==",
      "dependencies": {
        "react-is": "^16.7.0"
      }
    },
    "node_modules/js-tokens": {
      "version": "4.0.0",
      "resolved": "https://registry.npmjs.org/js-tokens/-/js-tokens-4.0.0.tgz",
      "integrity": "sha512-RdJUflcE3cUzKiMqQgsCu06FPu9UdIJO0beYbPhHN4k6apgJtifcoCtT9bcxOpYBtpD2kCM6Sbzg4CausW/PKQ=="
    },
    "node_modules/loose-envify": {
      "version": "1.4.0",
      "resolved": "https://registry.npmjs.org/loose-envify/-/loose-envify-1.4.0.tgz",
      "integrity": "sha512-lyuxPGr/Wfhrlem2CL/UcnUc1zcqKAImBDzukY7Y5F/yQiNdko6+fRLevlw1HgMySw7f611UIY408EtxRSoK3Q==",
      "dependencies": {
        "js-tokens": "^3.0.0 || ^4.0.0"
      },
      "bin": {
        "loose-envify": "cli.js"
      }
    },
    "node_modules/object-assign": {
      "version": "4.1.1",
      "resolved": "https://registry.npmjs.org/object-assign/-/object-assign-4.1.1.tgz",
      "integrity": "sha1-IQmtx5ZYh8/AXLvUQsrIv7s2CGM=",
      "engines": {
        "node": ">=0.10.0"
      }
    },
    "node_modules/optimism": {
      "version": "0.14.1",
      "resolved": "https://registry.npmjs.org/optimism/-/optimism-0.14.1.tgz",
      "integrity": "sha512-7+1lSN+LJEtaj3uBLLFk8uFCFKy3txLvcvln5Dh1szXjF9yghEMeWclmnk0qdtYZ+lcMNyu48RmQQRw+LRYKSQ==",
      "dependencies": {
        "@wry/context": "^0.5.2",
        "@wry/trie": "^0.2.1"
      }
    },
    "node_modules/prop-types": {
      "version": "15.7.2",
      "resolved": "https://registry.npmjs.org/prop-types/-/prop-types-15.7.2.tgz",
      "integrity": "sha512-8QQikdH7//R2vurIJSutZ1smHYTcLpRWEOlHnzcWHmBYrOGUysKwSsrC89BCiFj3CbrfJ/nXFdJepOVrY1GCHQ==",
      "dependencies": {
        "loose-envify": "^1.4.0",
        "object-assign": "^4.1.1",
        "react-is": "^16.8.1"
      }
    },
    "node_modules/react-is": {
      "version": "16.13.1",
      "resolved": "https://registry.npmjs.org/react-is/-/react-is-16.13.1.tgz",
      "integrity": "sha512-24e6ynE2H+OKt4kqsOvNd8kBpV65zoxbA4BVsEOB3ARVWQki/DHzaUoC5KuON/BiccDaCCTZBuOcfZs70kR8bQ=="
    },
    "node_modules/rxjs": {
      "version": "7.0.0-beta.13",
      "resolved": "https://registry.npmjs.org/rxjs/-/rxjs-7.0.0-beta.13.tgz",
      "integrity": "sha512-//ll3EfI5SgTfrS5DUjc/uEmyazS0vUDMHqa/GbPR9ubdVLtbrv2bK3y75JyZPfYl1Bq2JbR/IbByhfzfpJyvw==",
      "dependencies": {
        "tslib": "~2.1.0"
      }
    },
    "node_modules/symbol-observable": {
      "version": "2.0.3",
      "resolved": "https://registry.npmjs.org/symbol-observable/-/symbol-observable-2.0.3.tgz",
      "integrity": "sha512-sQV7phh2WCYAn81oAkakC5qjq2Ml0g8ozqz03wOGnx9dDlG1de6yrF+0RAzSJD8fPUow3PTSMf2SAbOGxb93BA==",
      "engines": {
        "node": ">=0.10"
      }
    },
    "node_modules/ts-invariant": {
      "version": "0.6.2",
      "resolved": "https://registry.npmjs.org/ts-invariant/-/ts-invariant-0.6.2.tgz",
      "integrity": "sha512-hsVurayufl1gXg8CHtgZkB7X0KtA3TrI3xcJ9xkRr8FeJHnM/TIEQkgBq9XkpduyBWWUdlRIR9xWf4Lxq3LJTg==",
      "dependencies": {
        "@types/ungap__global-this": "^0.3.1",
        "@ungap/global-this": "^0.4.2",
        "tslib": "^1.9.3"
      },
      "engines": {
        "node": ">=8"
      }
    },
    "node_modules/ts-invariant/node_modules/tslib": {
      "version": "1.14.1",
      "resolved": "https://registry.npmjs.org/tslib/-/tslib-1.14.1.tgz",
      "integrity": "sha512-Xni35NKzjgMrwevysHTCArtLDpPvye8zV/0E4EyYn43P7/7qvQwPh9BGkHewbMulVntbigmcT7rdX3BNo9wRJg=="
    },
    "node_modules/tslib": {
      "version": "2.1.0",
      "resolved": "https://registry.npmjs.org/tslib/-/tslib-2.1.0.tgz",
      "integrity": "sha512-hcVC3wYEziELGGmEEXue7D75zbwIIVUMWAVbHItGPx0ziyXxrOMQx4rQEVEV45Ut/1IotuEvwqPopzIOkDMf0A=="
    },
    "node_modules/typescript": {
      "version": "4.2.3",
      "resolved": "https://registry.npmjs.org/typescript/-/typescript-4.2.3.tgz",
      "integrity": "sha512-qOcYwxaByStAWrBf4x0fibwZvMRG+r4cQoTjbPtUlrWjBHbmCAww1i448U0GJ+3cNNEtebDteo/cHOR3xJ4wEw==",
      "bin": {
        "tsc": "bin/tsc",
        "tsserver": "bin/tsserver"
      },
      "engines": {
        "node": ">=4.2.0"
      }
    },
    "node_modules/uuid": {
      "version": "8.3.2",
      "resolved": "https://registry.npmjs.org/uuid/-/uuid-8.3.2.tgz",
      "integrity": "sha512-+NYs2QeMWy+GWFOEm9xnn6HCDp0l7QBD7ml8zLUmJ+93Q5NF0NocErnwkTkXVFNiX3/fpC6afS8Dhb/gz7R7eg==",
      "bin": {
        "uuid": "dist/bin/uuid"
      }
    },
    "node_modules/zen-observable": {
      "version": "0.8.15",
      "resolved": "https://registry.npmjs.org/zen-observable/-/zen-observable-0.8.15.tgz",
      "integrity": "sha512-PQ2PC7R9rslx84ndNBZB/Dkv8V8fZEpk83RLgXtYd0fwUgEjseMn1Dgajh2x6S8QbZAFa9p2qVCEuYZNgve0dQ=="
    }
  },
  "dependencies": {
    "@apollo/client": {
      "version": "3.3.12",
      "resolved": "https://registry.npmjs.org/@apollo/client/-/client-3.3.12.tgz",
      "integrity": "sha512-1wLVqRpujzbLRWmFPnRCDK65xapOe2txY0sTI+BaqEbumMUVNS3vxojT6hRHf9ODFEK+F6MLrud2HGx0mB3eQw==",
      "requires": {
        "@graphql-typed-document-node/core": "^3.0.0",
        "@types/zen-observable": "^0.8.0",
        "@wry/context": "^0.5.2",
        "@wry/equality": "^0.3.0",
        "fast-json-stable-stringify": "^2.0.0",
        "graphql-tag": "^2.12.0",
        "hoist-non-react-statics": "^3.3.2",
        "optimism": "^0.14.0",
        "prop-types": "^15.7.2",
        "symbol-observable": "^2.0.0",
        "ts-invariant": "^0.6.2",
        "tslib": "^1.10.0",
        "zen-observable": "^0.8.14"
      },
      "dependencies": {
        "tslib": {
          "version": "1.14.1",
          "resolved": "https://registry.npmjs.org/tslib/-/tslib-1.14.1.tgz",
          "integrity": "sha512-Xni35NKzjgMrwevysHTCArtLDpPvye8zV/0E4EyYn43P7/7qvQwPh9BGkHewbMulVntbigmcT7rdX3BNo9wRJg=="
        }
      }
    },
    "@graphql-typed-document-node/core": {
      "version": "3.1.0",
      "resolved": "https://registry.npmjs.org/@graphql-typed-document-node/core/-/core-3.1.0.tgz",
      "integrity": "sha512-wYn6r8zVZyQJ6rQaALBEln5B1pzxb9shV5Ef97kTvn6yVGrqyXVnDqnU24MXnFubR+rZjBY9NWuxX3FB2sTsjg==",
      "requires": {}
    },
    "@types/node": {
      "version": "14.14.35",
      "resolved": "https://registry.npmjs.org/@types/node/-/node-14.14.35.tgz",
      "integrity": "sha512-Lt+wj8NVPx0zUmUwumiVXapmaLUcAk3yPuHCFVXras9k5VT9TdhJqKqGVUQCD60OTMCl0qxJ57OiTL0Mic3Iag=="
    },
    "@types/ungap__global-this": {
      "version": "0.3.1",
      "resolved": "https://registry.npmjs.org/@types/ungap__global-this/-/ungap__global-this-0.3.1.tgz",
      "integrity": "sha512-+/DsiV4CxXl6ZWefwHZDXSe1Slitz21tom38qPCaG0DYCS1NnDPIQDTKcmQ/tvK/edJUKkmuIDBJbmKDiB0r/g=="
    },
    "@types/uuid": {
      "version": "8.3.0",
      "resolved": "https://registry.npmjs.org/@types/uuid/-/uuid-8.3.0.tgz",
      "integrity": "sha512-eQ9qFW/fhfGJF8WKHGEHZEyVWfZxrT+6CLIJGBcZPfxUh/+BnEj+UCGYMlr9qZuX/2AltsvwrGqp0LhEW8D0zQ==",
      "dev": true
    },
    "@types/zen-observable": {
      "version": "0.8.2",
      "resolved": "https://registry.npmjs.org/@types/zen-observable/-/zen-observable-0.8.2.tgz",
      "integrity": "sha512-HrCIVMLjE1MOozVoD86622S7aunluLb2PJdPfb3nYiEtohm8mIB/vyv0Fd37AdeMFrTUQXEunw78YloMA3Qilg=="
    },
    "@ungap/global-this": {
      "version": "0.4.4",
      "resolved": "https://registry.npmjs.org/@ungap/global-this/-/global-this-0.4.4.tgz",
      "integrity": "sha512-mHkm6FvepJECMNthFuIgpAEFmPOk71UyXuIxYfjytvFTnSDBIz7jmViO+LfHI/AjrazWije0PnSP3+/NlwzqtA=="
    },
    "@wry/context": {
      "version": "0.5.4",
      "resolved": "https://registry.npmjs.org/@wry/context/-/context-0.5.4.tgz",
      "integrity": "sha512-/pktJKHUXDr4D6TJqWgudOPJW2Z+Nb+bqk40jufA3uTkLbnCRKdJPiYDIa/c7mfcPH8Hr6O8zjCERpg5Sq04Zg==",
      "requires": {
        "tslib": "^1.14.1"
      },
      "dependencies": {
        "tslib": {
          "version": "1.14.1",
          "resolved": "https://registry.npmjs.org/tslib/-/tslib-1.14.1.tgz",
          "integrity": "sha512-Xni35NKzjgMrwevysHTCArtLDpPvye8zV/0E4EyYn43P7/7qvQwPh9BGkHewbMulVntbigmcT7rdX3BNo9wRJg=="
        }
      }
    },
    "@wry/equality": {
      "version": "0.3.4",
      "resolved": "https://registry.npmjs.org/@wry/equality/-/equality-0.3.4.tgz",
      "integrity": "sha512-1gQQhCPenzxw/1HzLlvSIs/59eBHJf9ZDIussjjZhqNSqQuPKQIzN6SWt4kemvlBPDi7RqMuUa03pId7MAE93g==",
      "requires": {
        "tslib": "^1.14.1"
      },
      "dependencies": {
        "tslib": {
          "version": "1.14.1",
          "resolved": "https://registry.npmjs.org/tslib/-/tslib-1.14.1.tgz",
          "integrity": "sha512-Xni35NKzjgMrwevysHTCArtLDpPvye8zV/0E4EyYn43P7/7qvQwPh9BGkHewbMulVntbigmcT7rdX3BNo9wRJg=="
        }
      }
    },
    "@wry/trie": {
      "version": "0.2.2",
      "resolved": "https://registry.npmjs.org/@wry/trie/-/trie-0.2.2.tgz",
      "integrity": "sha512-OxqBB39x6MfHaa2HpMiRMfhuUnQTddD32Ko020eBeJXq87ivX6xnSSnzKHVbA21p7iqBASz8n/07b6W5wW1BVQ==",
      "requires": {
        "tslib": "^1.14.1"
      },
      "dependencies": {
        "tslib": {
          "version": "1.14.1",
          "resolved": "https://registry.npmjs.org/tslib/-/tslib-1.14.1.tgz",
          "integrity": "sha512-Xni35NKzjgMrwevysHTCArtLDpPvye8zV/0E4EyYn43P7/7qvQwPh9BGkHewbMulVntbigmcT7rdX3BNo9wRJg=="
        }
      }
    },
    "fast-json-stable-stringify": {
      "version": "2.1.0",
      "resolved": "https://registry.npmjs.org/fast-json-stable-stringify/-/fast-json-stable-stringify-2.1.0.tgz",
      "integrity": "sha512-lhd/wF+Lk98HZoTCtlVraHtfh5XYijIjalXck7saUtuanSDyLMxnHhSXEDJqHxD7msR8D0uCmqlkwjCV8xvwHw=="
    },
    "graphql": {
      "version": "15.5.0",
      "resolved": "https://registry.npmjs.org/graphql/-/graphql-15.5.0.tgz",
      "integrity": "sha512-OmaM7y0kaK31NKG31q4YbD2beNYa6jBBKtMFT6gLYJljHLJr42IqJ8KX08u3Li/0ifzTU5HjmoOOrwa5BRLeDA==",
      "peer": true
    },
    "graphql-tag": {
      "version": "2.12.3",
      "resolved": "https://registry.npmjs.org/graphql-tag/-/graphql-tag-2.12.3.tgz",
      "integrity": "sha512-5wJMjSvj30yzdciEuk9dPuUBUR56AqDi3xncoYQl1i42pGdSqOJrJsdb/rz5BDoy+qoGvQwABcBeF0xXY3TrKw==",
      "requires": {
        "tslib": "^2.1.0"
      }
    },
    "hoist-non-react-statics": {
      "version": "3.3.2",
      "resolved": "https://registry.npmjs.org/hoist-non-react-statics/-/hoist-non-react-statics-3.3.2.tgz",
      "integrity": "sha512-/gGivxi8JPKWNm/W0jSmzcMPpfpPLc3dY/6GxhX2hQ9iGj3aDfklV4ET7NjKpSinLpJ5vafa9iiGIEZg10SfBw==",
      "requires": {
        "react-is": "^16.7.0"
      }
    },
    "js-tokens": {
      "version": "4.0.0",
      "resolved": "https://registry.npmjs.org/js-tokens/-/js-tokens-4.0.0.tgz",
      "integrity": "sha512-RdJUflcE3cUzKiMqQgsCu06FPu9UdIJO0beYbPhHN4k6apgJtifcoCtT9bcxOpYBtpD2kCM6Sbzg4CausW/PKQ=="
    },
    "loose-envify": {
      "version": "1.4.0",
      "resolved": "https://registry.npmjs.org/loose-envify/-/loose-envify-1.4.0.tgz",
      "integrity": "sha512-lyuxPGr/Wfhrlem2CL/UcnUc1zcqKAImBDzukY7Y5F/yQiNdko6+fRLevlw1HgMySw7f611UIY408EtxRSoK3Q==",
      "requires": {
        "js-tokens": "^3.0.0 || ^4.0.0"
      }
    },
    "object-assign": {
      "version": "4.1.1",
      "resolved": "https://registry.npmjs.org/object-assign/-/object-assign-4.1.1.tgz",
      "integrity": "sha1-IQmtx5ZYh8/AXLvUQsrIv7s2CGM="
    },
    "optimism": {
      "version": "0.14.1",
      "resolved": "https://registry.npmjs.org/optimism/-/optimism-0.14.1.tgz",
      "integrity": "sha512-7+1lSN+LJEtaj3uBLLFk8uFCFKy3txLvcvln5Dh1szXjF9yghEMeWclmnk0qdtYZ+lcMNyu48RmQQRw+LRYKSQ==",
      "requires": {
        "@wry/context": "^0.5.2",
        "@wry/trie": "^0.2.1"
      }
    },
    "prop-types": {
      "version": "15.7.2",
      "resolved": "https://registry.npmjs.org/prop-types/-/prop-types-15.7.2.tgz",
      "integrity": "sha512-8QQikdH7//R2vurIJSutZ1smHYTcLpRWEOlHnzcWHmBYrOGUysKwSsrC89BCiFj3CbrfJ/nXFdJepOVrY1GCHQ==",
      "requires": {
        "loose-envify": "^1.4.0",
        "object-assign": "^4.1.1",
        "react-is": "^16.8.1"
      }
    },
    "react-is": {
      "version": "16.13.1",
      "resolved": "https://registry.npmjs.org/react-is/-/react-is-16.13.1.tgz",
      "integrity": "sha512-24e6ynE2H+OKt4kqsOvNd8kBpV65zoxbA4BVsEOB3ARVWQki/DHzaUoC5KuON/BiccDaCCTZBuOcfZs70kR8bQ=="
    },
    "rxjs": {
      "version": "7.0.0-beta.13",
      "resolved": "https://registry.npmjs.org/rxjs/-/rxjs-7.0.0-beta.13.tgz",
      "integrity": "sha512-//ll3EfI5SgTfrS5DUjc/uEmyazS0vUDMHqa/GbPR9ubdVLtbrv2bK3y75JyZPfYl1Bq2JbR/IbByhfzfpJyvw==",
      "requires": {
        "tslib": "~2.1.0"
      }
    },
    "symbol-observable": {
      "version": "2.0.3",
      "resolved": "https://registry.npmjs.org/symbol-observable/-/symbol-observable-2.0.3.tgz",
      "integrity": "sha512-sQV7phh2WCYAn81oAkakC5qjq2Ml0g8ozqz03wOGnx9dDlG1de6yrF+0RAzSJD8fPUow3PTSMf2SAbOGxb93BA=="
    },
    "ts-invariant": {
      "version": "0.6.2",
      "resolved": "https://registry.npmjs.org/ts-invariant/-/ts-invariant-0.6.2.tgz",
      "integrity": "sha512-hsVurayufl1gXg8CHtgZkB7X0KtA3TrI3xcJ9xkRr8FeJHnM/TIEQkgBq9XkpduyBWWUdlRIR9xWf4Lxq3LJTg==",
      "requires": {
        "@types/ungap__global-this": "^0.3.1",
        "@ungap/global-this": "^0.4.2",
        "tslib": "^1.9.3"
      },
      "dependencies": {
        "tslib": {
          "version": "1.14.1",
          "resolved": "https://registry.npmjs.org/tslib/-/tslib-1.14.1.tgz",
          "integrity": "sha512-Xni35NKzjgMrwevysHTCArtLDpPvye8zV/0E4EyYn43P7/7qvQwPh9BGkHewbMulVntbigmcT7rdX3BNo9wRJg=="
        }
      }
    },
    "tslib": {
      "version": "2.1.0",
      "resolved": "https://registry.npmjs.org/tslib/-/tslib-2.1.0.tgz",
      "integrity": "sha512-hcVC3wYEziELGGmEEXue7D75zbwIIVUMWAVbHItGPx0ziyXxrOMQx4rQEVEV45Ut/1IotuEvwqPopzIOkDMf0A=="
    },
    "typescript": {
      "version": "4.2.3",
      "resolved": "https://registry.npmjs.org/typescript/-/typescript-4.2.3.tgz",
      "integrity": "sha512-qOcYwxaByStAWrBf4x0fibwZvMRG+r4cQoTjbPtUlrWjBHbmCAww1i448U0GJ+3cNNEtebDteo/cHOR3xJ4wEw=="
    },
    "uuid": {
      "version": "8.3.2",
      "resolved": "https://registry.npmjs.org/uuid/-/uuid-8.3.2.tgz",
      "integrity": "sha512-+NYs2QeMWy+GWFOEm9xnn6HCDp0l7QBD7ml8zLUmJ+93Q5NF0NocErnwkTkXVFNiX3/fpC6afS8Dhb/gz7R7eg=="
    },
    "zen-observable": {
      "version": "0.8.15",
      "resolved": "https://registry.npmjs.org/zen-observable/-/zen-observable-0.8.15.tgz",
      "integrity": "sha512-PQ2PC7R9rslx84ndNBZB/Dkv8V8fZEpk83RLgXtYd0fwUgEjseMn1Dgajh2x6S8QbZAFa9p2qVCEuYZNgve0dQ=="
    }
  }
}
